# THIS IS AN AUTOGENERATED FILE. DO NOT EDIT THIS FILE DIRECTLY.
# yarn lockfile v1


dotenv@^10.0.0:
  version "10.0.0"
  resolved "https://ramseysolutions.jfrog.io/artifactory/api/npm/npm/dotenv/-/dotenv-10.0.0.tgz#3d4227b8fb95f81096cdd2b66653fb2c7085ba81"
  integrity sha1-PUInuPuV+BCWzdK2ZlP7LHCFuoE=

lodash@^4.17.21:
  version "4.17.21"
  resolved "https://ramseysolutions.jfrog.io/artifactory/api/npm/npm/lodash/-/lodash-4.17.21.tgz#679591c564c3bffaae8454cf0b3df370c3d6911c"
  integrity sha1-Z5WRxWTDv/quhFTPCz3zcMPWkRw=

nodemailer@^6.6.3:
  version "6.6.3"
  resolved "https://ramseysolutions.jfrog.io/artifactory/api/npm/npm/nodemailer/-/nodemailer-6.6.3.tgz#31fb53dd4d8ae16fc088a65cb9ffa8d928a69b48"
  integrity sha1-MftT3U2K4W/AiKZcuf+o2Simm0g=
